
Microsoft Visual Studio Solution File, Format Version 12.00
# Visual Studio Version 17
VisualStudioVersion = 17.14.36310.24 d17.14
MinimumVisualStudioVersion = 10.0.40219.1
Project("{FAE04EC0-301F-11D3-BF4B-00C04F79EFBC}") = "TaskManager.API", "TaskManager.API.csproj", "{6BC354D5-3B69-4EEE-B6A8-9F5DBCA2CC7A}"
EndProject
Global
	GlobalSection(SolutionConfigurationPlatforms) = preSolution
		Debug|Any CPU = Debug|Any CPU
		Release|Any CPU = Release|Any CPU
	EndGlobalSection
	GlobalSection(ProjectConfigurationPlatforms) = postSolution
		{6BC354D5-3B69-4EEE-B6A8-9F5DBCA2CC7A}.Debug|Any CPU.ActiveCfg = Debug|Any CPU
		{6BC354D5-3B69-4EEE-B6A8-9F5DBCA2CC7A}.Debug|Any CPU.Build.0 = Debug|Any CPU
		{6BC354D5-3B69-4EEE-B6A8-9F5DBCA2CC7A}.Release|Any CPU.ActiveCfg = Release|Any CPU
		{6BC354D5-3B69-4EEE-B6A8-9F5DBCA2CC7A}.Release|Any CPU.Build.0 = Release|Any CPU
	EndGlobalSection
	GlobalSection(SolutionProperties) = preSolution
		HideSolutionNode = FALSE
	EndGlobalSection
	GlobalSection(ExtensibilityGlobals) = postSolution
		SolutionGuid = {369CD598-663D-4890-90D5-EB536AF7024D}
	EndGlobalSection
EndGlobal
